
Microsoft Visual Studio Solution File, Format Version 12.00
# Visual Studio Version 17
VisualStudioVersion = 17.5.002.0
MinimumVisualStudioVersion = 10.0.40219.1
Project("{9A19103F-16F7-4668-BE54-9A1E7A4F7556}") = "HelloWorld", "HelloWorld.csproj", "{D00206D6-AE83-45A5-B5C1-7FBBBECE619A}"
EndProject
Global
	GlobalSection(SolutionConfigurationPlatforms) = preSolution
		Debug|Any CPU = Debug|Any CPU
		Release|Any CPU = Release|Any CPU
	EndGlobalSection
	GlobalSection(ProjectConfigurationPlatforms) = postSolution
		{D00206D6-AE83-45A5-B5C1-7FBBBECE619A}.Debug|Any CPU.ActiveCfg = Debug|Any CPU
		{D00206D6-AE83-45A5-B5C1-7FBBBECE619A}.Debug|Any CPU.Build.0 = Debug|Any CPU
		{D00206D6-AE83-45A5-B5C1-7FBBBECE619A}.Release|Any CPU.ActiveCfg = Release|Any CPU
		{D00206D6-AE83-45A5-B5C1-7FBBBECE619A}.Release|Any CPU.Build.0 = Release|Any CPU
	EndGlobalSection
	GlobalSection(SolutionProperties) = preSolution
		HideSolutionNode = FALSE
	EndGlobalSection
	GlobalSection(ExtensibilityGlobals) = postSolution
		SolutionGuid = {8DC5F0BD-5D47-4087-8345-026680B35831}
	EndGlobalSection
EndGlobal
